
Microsoft Visual Studio Solution File, Format Version 12.00
# Visual Studio 15
VisualStudioVersion = 15.0.26403.3
MinimumVisualStudioVersion = 10.0.40219.1
Project("{FAE04EC0-301F-11D3-BF4B-00C04F79EFBC}") = "NoSublimationWhenItemsAreInStorage", "NoSublimationWhenItemsAreInStorage.csproj", "{30242B7C-EDF3-4B40-BAE6-73D9B2F5D5BB}"
EndProject
Global
	GlobalSection(SolutionConfigurationPlatforms) = preSolution
		Debug|Any CPU = Debug|Any CPU
		Release|Any CPU = Release|Any CPU
	EndGlobalSection
	GlobalSection(ProjectConfigurationPlatforms) = postSolution
		{30242B7C-EDF3-4B40-BAE6-73D9B2F5D5BB}.Debug|Any CPU.ActiveCfg = Debug|Any CPU
		{30242B7C-EDF3-4B40-BAE6-73D9B2F5D5BB}.Debug|Any CPU.Build.0 = Debug|Any CPU
		{30242B7C-EDF3-4B40-BAE6-73D9B2F5D5BB}.Release|Any CPU.ActiveCfg = Release|Any CPU
		{30242B7C-EDF3-4B40-BAE6-73D9B2F5D5BB}.Release|Any CPU.Build.0 = Release|Any CPU
	EndGlobalSection
	GlobalSection(SolutionProperties) = preSolution
		HideSolutionNode = FALSE
	EndGlobalSection
EndGlobal
